
Microsoft Visual Studio Solution File, Format Version 12.00
# Visual Studio Version 17
VisualStudioVersion = 17.4.33110.190
MinimumVisualStudioVersion = 10.0.40219.1
Project("{FAE04EC0-301F-11D3-BF4B-00C04F79EFBC}") = "Health_Insuarance_Management_System_webapp", "Health_Insuarance_Management_System_webapp\Health_Insuarance_Management_System_webapp.csproj", "{C60FC037-A9A9-4F6B-B161-5D23FE004628}"
EndProject
Global
	GlobalSection(SolutionConfigurationPlatforms) = preSolution
		Debug|Any CPU = Debug|Any CPU
		Release|Any CPU = Release|Any CPU
	EndGlobalSection
	GlobalSection(ProjectConfigurationPlatforms) = postSolution
		{C60FC037-A9A9-4F6B-B161-5D23FE004628}.Debug|Any CPU.ActiveCfg = Debug|Any CPU
		{C60FC037-A9A9-4F6B-B161-5D23FE004628}.Debug|Any CPU.Build.0 = Debug|Any CPU
		{C60FC037-A9A9-4F6B-B161-5D23FE004628}.Release|Any CPU.ActiveCfg = Release|Any CPU
		{C60FC037-A9A9-4F6B-B161-5D23FE004628}.Release|Any CPU.Build.0 = Release|Any CPU
	EndGlobalSection
	GlobalSection(SolutionProperties) = preSolution
		HideSolutionNode = FALSE
	EndGlobalSection
	GlobalSection(ExtensibilityGlobals) = postSolution
		SolutionGuid = {1920FB42-850E-4822-A4D6-84BB291365E8}
	EndGlobalSection
EndGlobal
